
Microsoft Visual Studio Solution File, Format Version 12.00
# Visual Studio Version 17
VisualStudioVersion = 17.3.32819.101
MinimumVisualStudioVersion = 10.0.40219.1
Project("{FAE04EC0-301F-11D3-BF4B-00C04F79EFBC}") = "Homework10", "Homework10\Homework10.csproj", "{7C13FCBA-9BB8-4143-9F9E-C269CF1652BC}"
EndProject
Global
	GlobalSection(SolutionConfigurationPlatforms) = preSolution
		Debug|Any CPU = Debug|Any CPU
		Release|Any CPU = Release|Any CPU
	EndGlobalSection
	GlobalSection(ProjectConfigurationPlatforms) = postSolution
		{7C13FCBA-9BB8-4143-9F9E-C269CF1652BC}.Debug|Any CPU.ActiveCfg = Debug|Any CPU
		{7C13FCBA-9BB8-4143-9F9E-C269CF1652BC}.Debug|Any CPU.Build.0 = Debug|Any CPU
		{7C13FCBA-9BB8-4143-9F9E-C269CF1652BC}.Release|Any CPU.ActiveCfg = Release|Any CPU
		{7C13FCBA-9BB8-4143-9F9E-C269CF1652BC}.Release|Any CPU.Build.0 = Release|Any CPU
	EndGlobalSection
	GlobalSection(SolutionProperties) = preSolution
		HideSolutionNode = FALSE
	EndGlobalSection
	GlobalSection(ExtensibilityGlobals) = postSolution
		SolutionGuid = {6D35BFDC-1229-46A6-8289-D9716D560B21}
	EndGlobalSection
EndGlobal
